// !$*UTF8*$!
{
	archiveVersion = 1;
	classes = {
	};
	objectVersion = 50;
	objects = {

/* Begin PBXBuildFile section */
		FAE612E824371F3700982628 /* AppDelegate.swift in Sources */ = {isa = PBXBuildFile; fileRef = FAE612E724371F3700982628 /* AppDelegate.swift */; };
		FAE612EA24371F3700982628 /* SceneDelegate.swift in Sources */ = {isa = PBXBuildFile; fileRef = FAE612E924371F3700982628 /* SceneDelegate.swift */; };
		FAE612EC24371F3700982628 /* ViewController.swift in Sources */ = {isa = PBXBuildFile; fileRef = FAE612EB24371F3700982628 /* ViewController.swift */; };
		FAE612EF24371F3700982628 /* Main.storyboard in Resources */ = {isa = PBXBuildFile; fileRef = FAE612ED24371F3700982628 /* Main.storyboard */; };
		FAE612F124371F3800982628 /* Assets.xcassets in Resources */ = {isa = PBXBuildFile; fileRef = FAE612F024371F3800982628 /* Assets.xcassets */; };
		FAE612F424371F3800982628 /* LaunchScreen.storyboard in Resources */ = {isa = PBXBuildFile; fileRef = FAE612F224371F3800982628 /* LaunchScreen.storyboard */; };
		FAE612FC2437238900982628 /* publicdomainq-0001979arr.jpg in Resources */ = {isa = PBXBuildFile; fileRef = FAE612FB2437238900982628 /* publicdomainq-0001979arr.jpg */; };
/* End PBXBuildFile section */

/* Begin PBXFileReference section */
		FAE612E424371F3700982628 /* masuku2.app */ = {isa = PBXFileReference; explicitFileType = wrapper.application; includeInIndex = 0; path = masuku2.app; sourceTree = BUILT_PRODUCTS_DIR; };
		FAE612E724371F3700982628 /* AppDelegate.swift */ = {isa = PBXFileReference; lastKnownFileType = sourcecode.swift; path = AppDelegate.swift; sourceTree = "<group>"; };
		FAE612E924371F3700982628 /* SceneDelegate.swift */ = {isa = PBXFileReference; lastKnownFileType = sourcecode.swift; path = SceneDelegate.swift; sourceTree = "<group>"; };
		FAE612EB24371F3700982628 /* ViewController.swift */ = {isa = PBXFileReference; lastKnownFileType = sourcecode.swift; path = ViewController.swift; sourceTree = "<group>"; };
		FAE612EE24371F3700982628 /* Base */ = {isa = PBXFileReference; lastKnownFileType = file.storyboard; name = Base; path = Base.lproj/Main.storyboard; sourceTree = "<group>"; };
		FAE612F024371F3800982628 /* Assets.xcassets */ = {isa = PBXFileReference; lastKnownFileType = folder.assetcatalog; path = Assets.xcassets; sourceTree = "<group>"; };
		FAE612F324371F3800982628 /* Base */ = {isa = PBXFileReference; lastKnownFileType = file.storyboard; name = Base; path = Base.lproj/LaunchScreen.storyboard; sourceTree = "<group>"; };
		FAE612F524371F3800982628 /* Info.plist */ = {isa = PBXFileReference; lastKnownFileType = text.plist.xml; path = Info.plist; sourceTree = "<group>"; };
		FAE612FB2437238900982628 /* publicdomainq-0001979arr.jpg */ = {isa = PBXFileReference; lastKnownFileType = image.jpeg; path = "publicdomainq-0001979arr.jpg"; sourceTree = "<group>"; };
/* End PBXFileReference section */

/* Begin PBXFrameworksBuildPhase section */
		FAE612E124371F3700982628 /* Frameworks */ = {
			isa = PBXFrameworksBuildPhase;
			buildActionMask = 2147483647;
			files = (
			);
			runOnlyForDeploymentPostprocessing = 0;
		};
/* End PBXFrameworksBuildPhase section */

/* Begin PBXGroup section */
		FAE612DB24371F3700982628 = {
			isa = PBXGroup;
			children = (
				FAE612E624371F3700982628 /* masuku2 */,
				FAE612E524371F3700982628 /* Products */,
			);
			sourceTree = "<group>";
		};
		FAE612E524371F3700982628 /* Products */ = {
			isa = PBXGroup;
			children = (
				FAE612E424371F3700982628 /* masuku2.app */,
			);
			name = Products;
			sourceTree = "<group>";
		};
		FAE612E624371F3700982628 /* masuku2 */ = {
			isa = PBXGroup;
			children = (
				FAE612FB2437238900982628 /* publicdomainq-0001979arr.jpg */,
				FAE612E724371F3700982628 /* AppDelegate.swift */,
				FAE612E924371F3700982628 /* SceneDelegate.swift */,
				FAE612EB24371F3700982628 /* ViewController.swift */,
				FAE612ED24371F3700982628 /* Main.storyboard */,
				FAE612F024371F3800982628 /* Assets.xcassets */,
				FAE612F224371F3800982628 /* LaunchScreen.storyboard */,
				FAE612F524371F3800982628 /* Info.plist */,
			);
			path = masuku2;
			sourceTree = "<group>";
		};
/* End PBXGroup section */

/* Begin PBXNativeTarget section */
		FAE612E324371F3700982628 /* masuku2 */ = {
			isa = PBXNativeTarget;
			buildConfigurationList = FAE612F824371F3800982628 /* Build configuration list for PBXNativeTarget "masuku2" */;
			buildPhases = (
				FAE612E024371F3700982628 /* Sources */,
				FAE612E124371F3700982628 /* Frameworks */,
				FAE612E224371F3700982628 /* Resources */,
			);
			buildRules = (
			);
			dependencies = (
			);
			name = masuku2;
			productName = masuku2;
			productReference = FAE612E424371F3700982628 /* masuku2.app */;
			productType = "com.apple.product-type.application";
		};
/* End PBXNativeTarget section */

/* Begin PBXProject section */
		FAE612DC24371F3700982628 /* Project object */ = {
			isa = PBXProject;
			attributes = {
				LastSwiftUpdateCheck = 1130;
				LastUpgradeCheck = 1130;
				ORGANIZATIONNAME = "柳川万結";
				TargetAttributes = {
					FAE612E324371F3700982628 = {
						CreatedOnToolsVersion = 11.3.1;
					};
				};
			};
			buildConfigurationList = FAE612DF24371F3700982628 /* Build configuration list for PBXProject "masuku2" */;
			compatibilityVersion = "Xcode 9.3";
			developmentRegion = en;
			hasScannedForEncodings = 0;
			knownRegions = (
				en,
				Base,
			);
			mainGroup = FAE612DB24371F3700982628;
			productRefGroup = FAE612E524371F3700982628 /* Products */;
			projectDirPath = "";
			projectRoot = "";
			targets = (
				FAE612E324371F3700982628 /* masuku2 */,
			);
		};
/* End PBXProject section */

/* Begin PBXResourcesBuildPhase section */
		FAE612E224371F3700982628 /* Resources */ = {
			isa = PBXResourcesBuildPhase;
			buildActionMask = 2147483647;
			files = (
				FAE612F424371F3800982628 /* LaunchScreen.storyboard in Resources */,
				FAE612F124371F3800982628 /* Assets.xcassets in Resources */,
				FAE612EF24371F3700982628 /* Main.storyboard in Resources */,
				FAE612FC2437238900982628 /* publicdomainq-0001979arr.jpg in Resources */,
			);
			runOnlyForDeploymentPostprocessing = 0;
		};
/* End PBXResourcesBuildPhase section */

/* Begin PBXSourcesBuildPhase section */
		FAE612E024371F3700982628 /* Sources */ = {
			isa = PBXSourcesBuildPhase;
			buildActionMask = 2147483647;
			files = (
				FAE612EC24371F3700982628 /* ViewController.swift in Sources */,
				FAE612E824371F3700982628 /* AppDelegate.swift in Sources */,
				FAE612EA24371F3700982628 /* SceneDelegate.swift in Sources */,
			);
			runOnlyForDeploymentPostprocessing = 0;
		};
/* End PBXSourcesBuildPhase section */

/* Begin PBXVariantGroup section */
		FAE612ED24371F3700982628 /* Main.storyboard */ = {
			isa = PBXVariantGroup;
			children = (
				FAE612EE24371F3700982628 /* Base */,
			);
			name = Main.storyboard;
			sourceTree = "<group>";
		};
		FAE612F224371F3800982628 /* LaunchScreen.storyboard */ = {
			isa = PBXVariantGroup;
			children = (
				FAE612F324371F3800982628 /* Base */,
			);
			name = LaunchScreen.storyboard;
			sourceTree = "<group>";
		};
/* End PBXVariantGroup section */

/* Begin XCBuildConfiguration section */
		FAE612F624371F3800982628 /* Debug */ = {
			isa = XCBuildConfiguration;
			buildSettings = {
				ALWAYS_SEARCH_USER_PATHS = NO;
				CLANG_ANALYZER_NONNULL = YES;
				CLANG_ANALYZER_NUMBER_OBJECT_CONVERSION = YES_AGGRESSIVE;
				CLANG_CXX_LANGUAGE_STANDARD = "gnu++14";
				CLANG_CXX_LIBRARY = "libc++";
				CLANG_ENABLE_MODULES = YES;
				CLANG_ENABLE_OBJC_ARC = YES;
				CLANG_ENABLE_OBJC_WEAK = YES;
				CLANG_WARN_BLOCK_CAPTURE_AUTORELEASING = YES;
				CLANG_WARN_BOOL_CONVERSION = YES;
				CLANG_WARN_COMMA = YES;
				CLANG_WARN_CONSTANT_CONVERSION = YES;
				CLANG_WARN_DEPRECATED_OBJC_IMPLEMENTATIONS = YES;
				CLANG_WARN_DIRECT_OBJC_ISA_USAGE = YES_ERROR;
				CLANG_WARN_DOCUMENTATION_COMMENTS = YES;
				CLANG_WARN_EMPTY_BODY = YES;
				CLANG_WARN_ENUM_CONVERSION = YES;
				CLANG_WARN_INFINITE_RECURSION = YES;
				CLANG_WARN_INT_CONVERSION = YES;
				CLANG_WARN_NON_LITERAL_NULL_CONVERSION = YES;
				CLANG_WARN_OBJC_IMPLICIT_RETAIN_SELF = YES;
				CLANG_WARN_OBJC_LITERAL_CONVERSION = YES;
				CLANG_WARN_OBJC_ROOT_CLASS = YES_ERROR;
				CLANG_WARN_RANGE_LOOP_ANALYSIS = YES;
				CLANG_WARN_STRICT_PROTOTYPES = YES;
				CLANG_WARN_SUSPICIOUS_MOVE = YES;
				CLANG_WARN_UNGUARDED_AVAILABILITY = YES_AGGRESSIVE;
				CLANG_WARN_UNREACHABLE_CODE = YES;
				CLANG_WARN__DUPLICATE_METHOD_MATCH = YES;
				COPY_PHASE_STRIP = NO;
				DEBUG_INFORMATION_FORMAT = dwarf;
				ENABLE_STRICT_OBJC_MSGSEND = YES;
				ENABLE_TESTABILITY = YES;
				GCC_C_LANGUAGE_STANDARD = gnu11;
				GCC_DYNAMIC_NO_PIC = NO;
				GCC_NO_COMMON_BLOCKS = YES;
				GCC_OPTIMIZATION_LEVEL = 0;
				GCC_PREPROCESSOR_DEFINITIONS = (
					"DEBUG=1",
					"$(inherited)",
				);
				GCC_WARN_64_TO_32_BIT_CONVERSION = YES;
				GCC_WARN_ABOUT_RETURN_TYPE = YES_ERROR;
				GCC_WARN_UNDECLARED_SELECTOR = YES;
				GCC_WARN_UNINITIALIZED_AUTOS = YES_AGGRESSIVE;
				GCC_WARN_UNUSED_FUNCTION = YES;
				GCC_WARN_UNUSED_VARIABLE = YES;
				IPHONEOS_DEPLOYMENT_TARGET = 13.2;
				MTL_ENABLE_DEBUG_INFO = INCLUDE_SOURCE;
				MTL_FAST_MATH = YES;
				ONLY_ACTIVE_ARCH = YES;
				SDKROOT = iphoneos;
				SWIFT_ACTIVE_COMPILATION_CONDITIONS = DEBUG;
				SWIFT_OPTIMIZATION_LEVEL = "-Onone";
			};
			name = Debug;
		};
		FAE612F724371F3800982628 /* Release */ = {
			isa = XCBuildConfiguration;
			buildSettings = {
				ALWAYS_SEARCH_USER_PATHS = NO;
				CLANG_ANALYZER_NONNULL = YES;
				CLANG_ANALYZER_NUMBER_OBJECT_CONVERSION = YES_AGGRESSIVE;
				CLANG_CXX_LANGUAGE_STANDARD = "gnu++14";
				CLANG_CXX_LIBRARY = "libc++";
				CLANG_ENABLE_MODULES = YES;
				CLANG_ENABLE_OBJC_ARC = YES;
				CLANG_ENABLE_OBJC_WEAK = YES;
				CLANG_WARN_BLOCK_CAPTURE_AUTORELEASING = YES;
				CLANG_WARN_BOOL_CONVERSION = YES;
				CLANG_WARN_COMMA = YES;
				CLANG_WARN_CONSTANT_CONVERSION = YES;
				CLANG_WARN_DEPRECATED_OBJC_IMPLEMENTATIONS = YES;
				CLANG_WARN_DIRECT_OBJC_ISA_USAGE = YES_ERROR;
				CLANG_WARN_DOCUMENTATION_COMMENTS = YES;
				CLANG_WARN_EMPTY_BODY = YES;
				CLANG_WARN_ENUM_CONVERSION = YES;
				CLANG_WARN_INFINITE_RECURSION = YES;
				CLANG_WARN_INT_CONVERSION = YES;
				CLANG_WARN_NON_LITERAL_NULL_CONVERSION = YES;
				CLANG_WARN_OBJC_IMPLICIT_RETAIN_SELF = YES;
				CLANG_WARN_OBJC_LITERAL_CONVERSION = YES;
				CLANG_WARN_OBJC_ROOT_CLASS = YES_ERROR;
				CLANG_WARN_RANGE_LOOP_ANALYSIS = YES;
				CLANG_WARN_STRICT_PROTOTYPES = YES;
				CLANG_WARN_SUSPICIOUS_MOVE = YES;
				CLANG_WARN_UNGUARDED_AVAILABILITY = YES_AGGRESSIVE;
				CLANG_WARN_UNREACHABLE_CODE = YES;
				CLANG_WARN__DUPLICATE_METHOD_MATCH = YES;
				COPY_PHASE_STRIP = NO;
				DEBUG_INFORMATION_FORMAT = "dwarf-with-dsym";
				ENABLE_NS_ASSERTIONS = NO;
				ENABLE_STRICT_OBJC_MSGSEND = YES;
				GCC_C_LANGUAGE_STANDARD = gnu11;
				GCC_NO_COMMON_BLOCKS = YES;
				GCC_WARN_64_TO_32_BIT_CONVERSION = YES;
				GCC_WARN_ABOUT_RETURN_TYPE = YES_ERROR;
				GCC_WARN_UNDECLARED_SELECTOR = YES;
				GCC_WARN_UNINITIALIZED_AUTOS = YES_AGGRESSIVE;
				GCC_WARN_UNUSED_FUNCTION = YES;
				GCC_WARN_UNUSED_VARIABLE = YES;
				IPHONEOS_DEPLOYMENT_TARGET = 13.2;
				MTL_ENABLE_DEBUG_INFO = NO;
				MTL_FAST_MATH = YES;
				SDKROOT = iphoneos;
				SWIFT_COMPILATION_MODE = wholemodule;
				SWIFT_OPTIMIZATION_LEVEL = "-O";
				VALIDATE_PRODUCT = YES;
			};
			name = Release;
		};
		FAE612F924371F3800982628 /* Debug */ = {
			isa = XCBuildConfiguration;
			buildSettings = {
				ASSETCATALOG_COMPILER_APPICON_NAME = AppIcon;
				CODE_SIGN_STYLE = Automatic;
				INFOPLIST_FILE = masuku2/Info.plist;
				LD_RUNPATH_SEARCH_PATHS = (
					"$(inherited)",
					"@executable_path/Frameworks",
				);
				PRODUCT_BUNDLE_IDENTIFIER = com.litech.masuku2;
				PRODUCT_NAME = "$(TARGET_NAME)";
				SWIFT_VERSION = 5.0;
				TARGETED_DEVICE_FAMILY = "1,2";
			};
			name = Debug;
		};
		FAE612FA24371F3800982628 /* Release */ = {
			isa = XCBuildConfiguration;
			buildSettings = {
				ASSETCATALOG_COMPILER_APPICON_NAME = AppIcon;
				CODE_SIGN_STYLE = Automatic;
				INFOPLIST_FILE = masuku2/Info.plist;
				LD_RUNPATH_SEARCH_PATHS = (
					"$(inherited)",
					"@executable_path/Frameworks",
				);
				PRODUCT_BUNDLE_IDENTIFIER = com.litech.masuku2;
				PRODUCT_NAME = "$(TARGET_NAME)";
				SWIFT_VERSION = 5.0;
				TARGETED_DEVICE_FAMILY = "1,2";
			};
			name = Release;
		};
/* End XCBuildConfiguration section */

/* Begin XCConfigurationList section */
		FAE612DF24371F3700982628 /* Build configuration list for PBXProject "masuku2" */ = {
			isa = XCConfigurationList;
			buildConfigurations = (
				FAE612F624371F3800982628 /* Debug */,
				FAE612F724371F3800982628 /* Release */,
			);
			defaultConfigurationIsVisible = 0;
			defaultConfigurationName = Release;
		};
		FAE612F824371F3800982628 /* Build configuration list for PBXNativeTarget "masuku2" */ = {
			isa = XCConfigurationList;
			buildConfigurations = (
				FAE612F924371F3800982628 /* Debug */,
				FAE612FA24371F3800982628 /* Release */,
			);
			defaultConfigurationIsVisible = 0;
			defaultConfigurationName = Release;
		};
/* End XCConfigurationList section */
	};
	rootObject = FAE612DC24371F3700982628 /* Project object */;
}
